
Microsoft Visual Studio Solution File, Format Version 12.00
# Visual Studio 15
VisualStudioVersion = 15.0.27130.2027
MinimumVisualStudioVersion = 10.0.40219.1
Project("{9A19103F-16F7-4668-BE54-9A1E7A4F7556}") = "SupClub", "SupClub\SupClub\SupClub.csproj", "{E35C3A49-70FB-430D-9B58-30C99781C468}"
EndProject
Project("{FAE04EC0-301F-11D3-BF4B-00C04F79EFBC}") = "SupClub.Android", "SupClub\SupClub.Android\SupClub.Android.csproj", "{90273AA2-183A-40B6-A366-F9313D65CFD0}"
EndProject
Project("{FAE04EC0-301F-11D3-BF4B-00C04F79EFBC}") = "SupClub.iOS", "SupClub\SupClub.iOS\SupClub.iOS.csproj", "{898C58DD-0119-4F59-9614-640815FBA619}"
EndProject
Project("{9A19103F-16F7-4668-BE54-9A1E7A4F7556}") = "SupClubLib", "SupClubLib\SupClubLib.csproj", "{E9076CAB-74A9-45D1-A7D8-555163A77CD9}"
EndProject
Project("{9A19103F-16F7-4668-BE54-9A1E7A4F7556}") = "SupClubTest", "SupClubTest\SupClubTest.csproj", "{914FBA2B-04D9-43CB-801C-2C4758F1E87C}"
EndProject
Project("{FAE04EC0-301F-11D3-BF4B-00C04F79EFBC}") = "SupClubLibTest", "SupClubLibTest\SupClubLibTest.csproj", "{C017BC39-49F1-4FAA-A9DC-D2B448142DBB}"
EndProject
Global
	GlobalSection(SolutionConfigurationPlatforms) = preSolution
		Ad-Hoc|Any CPU = Ad-Hoc|Any CPU
		Ad-Hoc|iPhone = Ad-Hoc|iPhone
		Ad-Hoc|iPhoneSimulator = Ad-Hoc|iPhoneSimulator
		AppStore|Any CPU = AppStore|Any CPU
		AppStore|iPhone = AppStore|iPhone
		AppStore|iPhoneSimulator = AppStore|iPhoneSimulator
		Debug|Any CPU = Debug|Any CPU
		Debug|iPhone = Debug|iPhone
		Debug|iPhoneSimulator = Debug|iPhoneSimulator
		Release|Any CPU = Release|Any CPU
		Release|iPhone = Release|iPhone
		Release|iPhoneSimulator = Release|iPhoneSimulator
	EndGlobalSection
	GlobalSection(ProjectConfigurationPlatforms) = postSolution
		{E35C3A49-70FB-430D-9B58-30C99781C468}.Ad-Hoc|Any CPU.ActiveCfg = Debug|Any CPU
		{E35C3A49-70FB-430D-9B58-30C99781C468}.Ad-Hoc|Any CPU.Build.0 = Debug|Any CPU
		{E35C3A49-70FB-430D-9B58-30C99781C468}.Ad-Hoc|iPhone.ActiveCfg = Debug|Any CPU
		{E35C3A49-70FB-430D-9B58-30C99781C468}.Ad-Hoc|iPhone.Build.0 = Debug|Any CPU
		{E35C3A49-70FB-430D-9B58-30C99781C468}.Ad-Hoc|iPhoneSimulator.ActiveCfg = Debug|Any CPU
		{E35C3A49-70FB-430D-9B58-30C99781C468}.Ad-Hoc|iPhoneSimulator.Build.0 = Debug|Any CPU
		{E35C3A49-70FB-430D-9B58-30C99781C468}.AppStore|Any CPU.ActiveCfg = Debug|Any CPU
		{E35C3A49-70FB-430D-9B58-30C99781C468}.AppStore|Any CPU.Build.0 = Debug|Any CPU
		{E35C3A49-70FB-430D-9B58-30C99781C468}.AppStore|iPhone.ActiveCfg = Debug|Any CPU
		{E35C3A49-70FB-430D-9B58-30C99781C468}.AppStore|iPhone.Build.0 = Debug|Any CPU
		{E35C3A49-70FB-430D-9B58-30C99781C468}.AppStore|iPhoneSimulator.ActiveCfg = Debug|Any CPU
		{E35C3A49-70FB-430D-9B58-30C99781C468}.AppStore|iPhoneSimulator.Build.0 = Debug|Any CPU
		{E35C3A49-70FB-430D-9B58-30C99781C468}.Debug|Any CPU.ActiveCfg = Debug|Any CPU
		{E35C3A49-70FB-430D-9B58-30C99781C468}.Debug|Any CPU.Build.0 = Debug|Any CPU
		{E35C3A49-70FB-430D-9B58-30C99781C468}.Debug|iPhone.ActiveCfg = Debug|Any CPU
		{E35C3A49-70FB-430D-9B58-30C99781C468}.Debug|iPhone.Build.0 = Debug|Any CPU
		{E35C3A49-70FB-430D-9B58-30C99781C468}.Debug|iPhoneSimulator.ActiveCfg = Debug|Any CPU
		{E35C3A49-70FB-430D-9B58-30C99781C468}.Debug|iPhoneSimulator.Build.0 = Debug|Any CPU
		{E35C3A49-70FB-430D-9B58-30C99781C468}.Release|Any CPU.ActiveCfg = Release|Any CPU
		{E35C3A49-70FB-430D-9B58-30C99781C468}.Release|Any CPU.Build.0 = Release|Any CPU
		{E35C3A49-70FB-430D-9B58-30C99781C468}.Release|iPhone.ActiveCfg = Release|Any CPU
		{E35C3A49-70FB-430D-9B58-30C99781C468}.Release|iPhone.Build.0 = Release|Any CPU
		{E35C3A49-70FB-430D-9B58-30C99781C468}.Release|iPhoneSimulator.ActiveCfg = Release|Any CPU
		{E35C3A49-70FB-430D-9B58-30C99781C468}.Release|iPhoneSimulator.Build.0 = Release|Any CPU
		{90273AA2-183A-40B6-A366-F9313D65CFD0}.Ad-Hoc|Any CPU.ActiveCfg = Release|Any CPU
		{90273AA2-183A-40B6-A366-F9313D65CFD0}.Ad-Hoc|Any CPU.Build.0 = Release|Any CPU
		{90273AA2-183A-40B6-A366-F9313D65CFD0}.Ad-Hoc|Any CPU.Deploy.0 = Release|Any CPU
		{90273AA2-183A-40B6-A366-F9313D65CFD0}.Ad-Hoc|iPhone.ActiveCfg = Release|Any CPU
		{90273AA2-183A-40B6-A366-F9313D65CFD0}.Ad-Hoc|iPhone.Build.0 = Release|Any CPU
		{90273AA2-183A-40B6-A366-F9313D65CFD0}.Ad-Hoc|iPhone.Deploy.0 = Release|Any CPU
		{90273AA2-183A-40B6-A366-F9313D65CFD0}.Ad-Hoc|iPhoneSimulator.ActiveCfg = Release|Any CPU
		{90273AA2-183A-40B6-A366-F9313D65CFD0}.Ad-Hoc|iPhoneSimulator.Build.0 = Release|Any CPU
		{90273AA2-183A-40B6-A366-F9313D65CFD0}.Ad-Hoc|iPhoneSimulator.Deploy.0 = Release|Any CPU
		{90273AA2-183A-40B6-A366-F9313D65CFD0}.AppStore|Any CPU.ActiveCfg = Release|Any CPU
		{90273AA2-183A-40B6-A366-F9313D65CFD0}.AppStore|Any CPU.Build.0 = Release|Any CPU
		{90273AA2-183A-40B6-A366-F9313D65CFD0}.AppStore|Any CPU.Deploy.0 = Release|Any CPU
		{90273AA2-183A-40B6-A366-F9313D65CFD0}.AppStore|iPhone.ActiveCfg = Release|Any CPU
		{90273AA2-183A-40B6-A366-F9313D65CFD0}.AppStore|iPhone.Build.0 = Release|Any CPU
		{90273AA2-183A-40B6-A366-F9313D65CFD0}.AppStore|iPhone.Deploy.0 = Release|Any CPU
		{90273AA2-183A-40B6-A366-F9313D65CFD0}.AppStore|iPhoneSimulator.ActiveCfg = Release|Any CPU
		{90273AA2-183A-40B6-A366-F9313D65CFD0}.AppStore|iPhoneSimulator.Build.0 = Release|Any CPU
		{90273AA2-183A-40B6-A366-F9313D65CFD0}.AppStore|iPhoneSimulator.Deploy.0 = Release|Any CPU
		{90273AA2-183A-40B6-A366-F9313D65CFD0}.Debug|Any CPU.ActiveCfg = Debug|Any CPU
		{90273AA2-183A-40B6-A366-F9313D65CFD0}.Debug|Any CPU.Build.0 = Debug|Any CPU
		{90273AA2-183A-40B6-A366-F9313D65CFD0}.Debug|Any CPU.Deploy.0 = Debug|Any CPU
		{90273AA2-183A-40B6-A366-F9313D65CFD0}.Debug|iPhone.ActiveCfg = Debug|Any CPU
		{90273AA2-183A-40B6-A366-F9313D65CFD0}.Debug|iPhone.Build.0 = Debug|Any CPU
		{90273AA2-183A-40B6-A366-F9313D65CFD0}.Debug|iPhone.Deploy.0 = Debug|Any CPU
		{90273AA2-183A-40B6-A366-F9313D65CFD0}.Debug|iPhoneSimulator.ActiveCfg = Debug|Any CPU
		{90273AA2-183A-40B6-A366-F9313D65CFD0}.Debug|iPhoneSimulator.Build.0 = Debug|Any CPU
		{90273AA2-183A-40B6-A366-F9313D65CFD0}.Debug|iPhoneSimulator.Deploy.0 = Debug|Any CPU
		{90273AA2-183A-40B6-A366-F9313D65CFD0}.Release|Any CPU.ActiveCfg = Release|Any CPU
		{90273AA2-183A-40B6-A366-F9313D65CFD0}.Release|Any CPU.Build.0 = Release|Any CPU
		{90273AA2-183A-40B6-A366-F9313D65CFD0}.Release|Any CPU.Deploy.0 = Release|Any CPU
		{90273AA2-183A-40B6-A366-F9313D65CFD0}.Release|iPhone.ActiveCfg = Release|Any CPU
		{90273AA2-183A-40B6-A366-F9313D65CFD0}.Release|iPhone.Build.0 = Release|Any CPU
		{90273AA2-183A-40B6-A366-F9313D65CFD0}.Release|iPhone.Deploy.0 = Release|Any CPU
		{90273AA2-183A-40B6-A366-F9313D65CFD0}.Release|iPhoneSimulator.ActiveCfg = Release|Any CPU
		{90273AA2-183A-40B6-A366-F9313D65CFD0}.Release|iPhoneSimulator.Build.0 = Release|Any CPU
		{90273AA2-183A-40B6-A366-F9313D65CFD0}.Release|iPhoneSimulator.Deploy.0 = Release|Any CPU
		{898C58DD-0119-4F59-9614-640815FBA619}.Ad-Hoc|Any CPU.ActiveCfg = Ad-Hoc|iPhone
		{898C58DD-0119-4F59-9614-640815FBA619}.Ad-Hoc|iPhone.ActiveCfg = Ad-Hoc|iPhone
		{898C58DD-0119-4F59-9614-640815FBA619}.Ad-Hoc|iPhone.Build.0 = Ad-Hoc|iPhone
		{898C58DD-0119-4F59-9614-640815FBA619}.Ad-Hoc|iPhoneSimulator.ActiveCfg = Ad-Hoc|iPhoneSimulator
		{898C58DD-0119-4F59-9614-640815FBA619}.Ad-Hoc|iPhoneSimulator.Build.0 = Ad-Hoc|iPhoneSimulator
		{898C58DD-0119-4F59-9614-640815FBA619}.AppStore|Any CPU.ActiveCfg = AppStore|iPhone
		{898C58DD-0119-4F59-9614-640815FBA619}.AppStore|iPhone.ActiveCfg = AppStore|iPhone
		{898C58DD-0119-4F59-9614-640815FBA619}.AppStore|iPhone.Build.0 = AppStore|iPhone
		{898C58DD-0119-4F59-9614-640815FBA619}.AppStore|iPhoneSimulator.ActiveCfg = AppStore|iPhoneSimulator
		{898C58DD-0119-4F59-9614-640815FBA619}.AppStore|iPhoneSimulator.Build.0 = AppStore|iPhoneSimulator
		{898C58DD-0119-4F59-9614-640815FBA619}.Debug|Any CPU.ActiveCfg = Debug|iPhone
		{898C58DD-0119-4F59-9614-640815FBA619}.Debug|iPhone.ActiveCfg = Debug|iPhone
		{898C58DD-0119-4F59-9614-640815FBA619}.Debug|iPhone.Build.0 = Debug|iPhone
		{898C58DD-0119-4F59-9614-640815FBA619}.Debug|iPhoneSimulator.ActiveCfg = Debug|iPhoneSimulator
		{898C58DD-0119-4F59-9614-640815FBA619}.Debug|iPhoneSimulator.Build.0 = Debug|iPhoneSimulator
		{898C58DD-0119-4F59-9614-640815FBA619}.Release|Any CPU.ActiveCfg = Release|iPhone
		{898C58DD-0119-4F59-9614-640815FBA619}.Release|iPhone.ActiveCfg = Release|iPhone
		{898C58DD-0119-4F59-9614-640815FBA619}.Release|iPhone.Build.0 = Release|iPhone
		{898C58DD-0119-4F59-9614-640815FBA619}.Release|iPhoneSimulator.ActiveCfg = Release|iPhoneSimulator
		{898C58DD-0119-4F59-9614-640815FBA619}.Release|iPhoneSimulator.Build.0 = Release|iPhoneSimulator
		{E9076CAB-74A9-45D1-A7D8-555163A77CD9}.Ad-Hoc|Any CPU.ActiveCfg = Debug|Any CPU
		{E9076CAB-74A9-45D1-A7D8-555163A77CD9}.Ad-Hoc|Any CPU.Build.0 = Debug|Any CPU
		{E9076CAB-74A9-45D1-A7D8-555163A77CD9}.Ad-Hoc|iPhone.ActiveCfg = Debug|Any CPU
		{E9076CAB-74A9-45D1-A7D8-555163A77CD9}.Ad-Hoc|iPhone.Build.0 = Debug|Any CPU
		{E9076CAB-74A9-45D1-A7D8-555163A77CD9}.Ad-Hoc|iPhoneSimulator.ActiveCfg = Debug|Any CPU
		{E9076CAB-74A9-45D1-A7D8-555163A77CD9}.Ad-Hoc|iPhoneSimulator.Build.0 = Debug|Any CPU
		{E9076CAB-74A9-45D1-A7D8-555163A77CD9}.AppStore|Any CPU.ActiveCfg = Debug|Any CPU
		{E9076CAB-74A9-45D1-A7D8-555163A77CD9}.AppStore|Any CPU.Build.0 = Debug|Any CPU
		{E9076CAB-74A9-45D1-A7D8-555163A77CD9}.AppStore|iPhone.ActiveCfg = Debug|Any CPU
		{E9076CAB-74A9-45D1-A7D8-555163A77CD9}.AppStore|iPhone.Build.0 = Debug|Any CPU
		{E9076CAB-74A9-45D1-A7D8-555163A77CD9}.AppStore|iPhoneSimulator.ActiveCfg = Debug|Any CPU
		{E9076CAB-74A9-45D1-A7D8-555163A77CD9}.AppStore|iPhoneSimulator.Build.0 = Debug|Any CPU
		{E9076CAB-74A9-45D1-A7D8-555163A77CD9}.Debug|Any CPU.ActiveCfg = Debug|Any CPU
		{E9076CAB-74A9-45D1-A7D8-555163A77CD9}.Debug|Any CPU.Build.0 = Debug|Any CPU
		{E9076CAB-74A9-45D1-A7D8-555163A77CD9}.Debug|iPhone.ActiveCfg = Debug|Any CPU
		{E9076CAB-74A9-45D1-A7D8-555163A77CD9}.Debug|iPhone.Build.0 = Debug|Any CPU
		{E9076CAB-74A9-45D1-A7D8-555163A77CD9}.Debug|iPhoneSimulator.ActiveCfg = Debug|Any CPU
		{E9076CAB-74A9-45D1-A7D8-555163A77CD9}.Debug|iPhoneSimulator.Build.0 = Debug|Any CPU
		{E9076CAB-74A9-45D1-A7D8-555163A77CD9}.Release|Any CPU.ActiveCfg = Release|Any CPU
		{E9076CAB-74A9-45D1-A7D8-555163A77CD9}.Release|Any CPU.Build.0 = Release|Any CPU
		{E9076CAB-74A9-45D1-A7D8-555163A77CD9}.Release|iPhone.ActiveCfg = Release|Any CPU
		{E9076CAB-74A9-45D1-A7D8-555163A77CD9}.Release|iPhone.Build.0 = Release|Any CPU
		{E9076CAB-74A9-45D1-A7D8-555163A77CD9}.Release|iPhoneSimulator.ActiveCfg = Release|Any CPU
		{E9076CAB-74A9-45D1-A7D8-555163A77CD9}.Release|iPhoneSimulator.Build.0 = Release|Any CPU
		{914FBA2B-04D9-43CB-801C-2C4758F1E87C}.Ad-Hoc|Any CPU.ActiveCfg = Debug|Any CPU
		{914FBA2B-04D9-43CB-801C-2C4758F1E87C}.Ad-Hoc|Any CPU.Build.0 = Debug|Any CPU
		{914FBA2B-04D9-43CB-801C-2C4758F1E87C}.Ad-Hoc|iPhone.ActiveCfg = Debug|Any CPU
		{914FBA2B-04D9-43CB-801C-2C4758F1E87C}.Ad-Hoc|iPhone.Build.0 = Debug|Any CPU
		{914FBA2B-04D9-43CB-801C-2C4758F1E87C}.Ad-Hoc|iPhoneSimulator.ActiveCfg = Debug|Any CPU
		{914FBA2B-04D9-43CB-801C-2C4758F1E87C}.Ad-Hoc|iPhoneSimulator.Build.0 = Debug|Any CPU
		{914FBA2B-04D9-43CB-801C-2C4758F1E87C}.AppStore|Any CPU.ActiveCfg = Debug|Any CPU
		{914FBA2B-04D9-43CB-801C-2C4758F1E87C}.AppStore|Any CPU.Build.0 = Debug|Any CPU
		{914FBA2B-04D9-43CB-801C-2C4758F1E87C}.AppStore|iPhone.ActiveCfg = Debug|Any CPU
		{914FBA2B-04D9-43CB-801C-2C4758F1E87C}.AppStore|iPhone.Build.0 = Debug|Any CPU
		{914FBA2B-04D9-43CB-801C-2C4758F1E87C}.AppStore|iPhoneSimulator.ActiveCfg = Debug|Any CPU
		{914FBA2B-04D9-43CB-801C-2C4758F1E87C}.AppStore|iPhoneSimulator.Build.0 = Debug|Any CPU
		{914FBA2B-04D9-43CB-801C-2C4758F1E87C}.Debug|Any CPU.ActiveCfg = Debug|Any CPU
		{914FBA2B-04D9-43CB-801C-2C4758F1E87C}.Debug|Any CPU.Build.0 = Debug|Any CPU
		{914FBA2B-04D9-43CB-801C-2C4758F1E87C}.Debug|iPhone.ActiveCfg = Debug|Any CPU
		{914FBA2B-04D9-43CB-801C-2C4758F1E87C}.Debug|iPhone.Build.0 = Debug|Any CPU
		{914FBA2B-04D9-43CB-801C-2C4758F1E87C}.Debug|iPhoneSimulator.ActiveCfg = Debug|Any CPU
		{914FBA2B-04D9-43CB-801C-2C4758F1E87C}.Debug|iPhoneSimulator.Build.0 = Debug|Any CPU
		{914FBA2B-04D9-43CB-801C-2C4758F1E87C}.Release|Any CPU.ActiveCfg = Release|Any CPU
		{914FBA2B-04D9-43CB-801C-2C4758F1E87C}.Release|Any CPU.Build.0 = Release|Any CPU
		{914FBA2B-04D9-43CB-801C-2C4758F1E87C}.Release|iPhone.ActiveCfg = Release|Any CPU
		{914FBA2B-04D9-43CB-801C-2C4758F1E87C}.Release|iPhone.Build.0 = Release|Any CPU
		{914FBA2B-04D9-43CB-801C-2C4758F1E87C}.Release|iPhoneSimulator.ActiveCfg = Release|Any CPU
		{914FBA2B-04D9-43CB-801C-2C4758F1E87C}.Release|iPhoneSimulator.Build.0 = Release|Any CPU
		{C017BC39-49F1-4FAA-A9DC-D2B448142DBB}.Ad-Hoc|Any CPU.ActiveCfg = Release|Any CPU
		{C017BC39-49F1-4FAA-A9DC-D2B448142DBB}.Ad-Hoc|Any CPU.Build.0 = Release|Any CPU
		{C017BC39-49F1-4FAA-A9DC-D2B448142DBB}.Ad-Hoc|iPhone.ActiveCfg = Release|Any CPU
		{C017BC39-49F1-4FAA-A9DC-D2B448142DBB}.Ad-Hoc|iPhone.Build.0 = Release|Any CPU
		{C017BC39-49F1-4FAA-A9DC-D2B448142DBB}.Ad-Hoc|iPhoneSimulator.ActiveCfg = Release|Any CPU
		{C017BC39-49F1-4FAA-A9DC-D2B448142DBB}.Ad-Hoc|iPhoneSimulator.Build.0 = Release|Any CPU
		{C017BC39-49F1-4FAA-A9DC-D2B448142DBB}.AppStore|Any CPU.ActiveCfg = Release|Any CPU
		{C017BC39-49F1-4FAA-A9DC-D2B448142DBB}.AppStore|Any CPU.Build.0 = Release|Any CPU
		{C017BC39-49F1-4FAA-A9DC-D2B448142DBB}.AppStore|iPhone.ActiveCfg = Release|Any CPU
		{C017BC39-49F1-4FAA-A9DC-D2B448142DBB}.AppStore|iPhone.Build.0 = Release|Any CPU
		{C017BC39-49F1-4FAA-A9DC-D2B448142DBB}.AppStore|iPhoneSimulator.ActiveCfg = Release|Any CPU
		{C017BC39-49F1-4FAA-A9DC-D2B448142DBB}.AppStore|iPhoneSimulator.Build.0 = Release|Any CPU
		{C017BC39-49F1-4FAA-A9DC-D2B448142DBB}.Debug|Any CPU.ActiveCfg = Debug|Any CPU
		{C017BC39-49F1-4FAA-A9DC-D2B448142DBB}.Debug|Any CPU.Build.0 = Debug|Any CPU
		{C017BC39-49F1-4FAA-A9DC-D2B448142DBB}.Debug|iPhone.ActiveCfg = Debug|Any CPU
		{C017BC39-49F1-4FAA-A9DC-D2B448142DBB}.Debug|iPhone.Build.0 = Debug|Any CPU
		{C017BC39-49F1-4FAA-A9DC-D2B448142DBB}.Debug|iPhoneSimulator.ActiveCfg = Debug|Any CPU
		{C017BC39-49F1-4FAA-A9DC-D2B448142DBB}.Debug|iPhoneSimulator.Build.0 = Debug|Any CPU
		{C017BC39-49F1-4FAA-A9DC-D2B448142DBB}.Release|Any CPU.ActiveCfg = Release|Any CPU
		{C017BC39-49F1-4FAA-A9DC-D2B448142DBB}.Release|Any CPU.Build.0 = Release|Any CPU
		{C017BC39-49F1-4FAA-A9DC-D2B448142DBB}.Release|iPhone.ActiveCfg = Release|Any CPU
		{C017BC39-49F1-4FAA-A9DC-D2B448142DBB}.Release|iPhone.Build.0 = Release|Any CPU
		{C017BC39-49F1-4FAA-A9DC-D2B448142DBB}.Release|iPhoneSimulator.ActiveCfg = Release|Any CPU
		{C017BC39-49F1-4FAA-A9DC-D2B448142DBB}.Release|iPhoneSimulator.Build.0 = Release|Any CPU
	EndGlobalSection
	GlobalSection(SolutionProperties) = preSolution
		HideSolutionNode = FALSE
	EndGlobalSection
	GlobalSection(ExtensibilityGlobals) = postSolution
		SolutionGuid = {766C2AC7-4728-486B-908D-6CCC2D606BE1}
	EndGlobalSection
	GlobalSection(CodealikeProperties) = postSolution
		SolutionGuid = 269f9653-799d-4062-8f53-b1a37b46ceed
	EndGlobalSection
EndGlobal
